{
  "lockfileVersion": 1,
  "configVersion": 1,
  "workspaces": {
    "": {
      "name": "@codewithkenzo/blitz-bench",
      "devDependencies": {
        "tiktoken": "^1.0.22",
      },
    },
  },
  "packages": {
    "tiktoken": ["tiktoken@1.0.22", "", {}, "sha512-PKvy1rVF1RibfF3JlXBSP0Jrcw2uq3yXdgcEXtKTYn3QJ/cBRBHDnrJ5jHky+MENZ6DIPwNUGWpkVx+7joCpNA=="],
  }
}
